
Microsoft Visual Studio Solution File, Format Version 12.00
# Visual Studio Version 16
VisualStudioVersion = 16.0.30804.86
MinimumVisualStudioVersion = 10.0.40219.1
Project("{FAE04EC0-301F-11D3-BF4B-00C04F79EFBC}") = "DataAccess", "DataAccess\DataAccess.csproj", "{33C31F1E-5A0B-4596-8FE5-F9DAB2746347}"
EndProject
Project("{FAE04EC0-301F-11D3-BF4B-00C04F79EFBC}") = "Business", "Business\Business.csproj", "{A6AE173E-6281-40B9-B6E0-AB8412986B74}"
EndProject
Project("{FAE04EC0-301F-11D3-BF4B-00C04F79EFBC}") = "Entities", "Entities\Entities.csproj", "{D294BAA1-C612-47F3-938E-0AC94E8A6682}"
EndProject
Project("{FAE04EC0-301F-11D3-BF4B-00C04F79EFBC}") = "ConsoleUI", "ConsoleUI\ConsoleUI.csproj", "{111F45BC-1D67-42BC-B399-EB18350281F6}"
EndProject
Global
	GlobalSection(SolutionConfigurationPlatforms) = preSolution
		Debug|Any CPU = Debug|Any CPU
		Release|Any CPU = Release|Any CPU
	EndGlobalSection
	GlobalSection(ProjectConfigurationPlatforms) = postSolution
		{33C31F1E-5A0B-4596-8FE5-F9DAB2746347}.Debug|Any CPU.ActiveCfg = Debug|Any CPU
		{33C31F1E-5A0B-4596-8FE5-F9DAB2746347}.Debug|Any CPU.Build.0 = Debug|Any CPU
		{33C31F1E-5A0B-4596-8FE5-F9DAB2746347}.Release|Any CPU.ActiveCfg = Release|Any CPU
		{33C31F1E-5A0B-4596-8FE5-F9DAB2746347}.Release|Any CPU.Build.0 = Release|Any CPU
		{A6AE173E-6281-40B9-B6E0-AB8412986B74}.Debug|Any CPU.ActiveCfg = Debug|Any CPU
		{A6AE173E-6281-40B9-B6E0-AB8412986B74}.Debug|Any CPU.Build.0 = Debug|Any CPU
		{A6AE173E-6281-40B9-B6E0-AB8412986B74}.Release|Any CPU.ActiveCfg = Release|Any CPU
		{A6AE173E-6281-40B9-B6E0-AB8412986B74}.Release|Any CPU.Build.0 = Release|Any CPU
		{D294BAA1-C612-47F3-938E-0AC94E8A6682}.Debug|Any CPU.ActiveCfg = Debug|Any CPU
		{D294BAA1-C612-47F3-938E-0AC94E8A6682}.Debug|Any CPU.Build.0 = Debug|Any CPU
		{D294BAA1-C612-47F3-938E-0AC94E8A6682}.Release|Any CPU.ActiveCfg = Release|Any CPU
		{D294BAA1-C612-47F3-938E-0AC94E8A6682}.Release|Any CPU.Build.0 = Release|Any CPU
		{111F45BC-1D67-42BC-B399-EB18350281F6}.Debug|Any CPU.ActiveCfg = Debug|Any CPU
		{111F45BC-1D67-42BC-B399-EB18350281F6}.Debug|Any CPU.Build.0 = Debug|Any CPU
		{111F45BC-1D67-42BC-B399-EB18350281F6}.Release|Any CPU.ActiveCfg = Release|Any CPU
		{111F45BC-1D67-42BC-B399-EB18350281F6}.Release|Any CPU.Build.0 = Release|Any CPU
	EndGlobalSection
	GlobalSection(SolutionProperties) = preSolution
		HideSolutionNode = FALSE
	EndGlobalSection
	GlobalSection(ExtensibilityGlobals) = postSolution
		SolutionGuid = {4C4376EF-13E0-4777-9E52-EFBCB72F5632}
	EndGlobalSection
EndGlobal
